
Microsoft Visual Studio Solution File, Format Version 12.00
# Visual Studio Version 17
VisualStudioVersion = 17.3.32929.385
MinimumVisualStudioVersion = 10.0.40219.1
Project("{9A19103F-16F7-4668-BE54-9A1E7A4F7556}") = "ValidateNames_API", "ValidateNames_API.csproj", "{8E74740E-43DE-4F2F-84EA-C4C6EE1A072B}"
EndProject
Global
	GlobalSection(SolutionConfigurationPlatforms) = preSolution
		Debug|Any CPU = Debug|Any CPU
		Release|Any CPU = Release|Any CPU
	EndGlobalSection
	GlobalSection(ProjectConfigurationPlatforms) = postSolution
		{8E74740E-43DE-4F2F-84EA-C4C6EE1A072B}.Debug|Any CPU.ActiveCfg = Debug|Any CPU
		{8E74740E-43DE-4F2F-84EA-C4C6EE1A072B}.Debug|Any CPU.Build.0 = Debug|Any CPU
		{8E74740E-43DE-4F2F-84EA-C4C6EE1A072B}.Release|Any CPU.ActiveCfg = Release|Any CPU
		{8E74740E-43DE-4F2F-84EA-C4C6EE1A072B}.Release|Any CPU.Build.0 = Release|Any CPU
	EndGlobalSection
	GlobalSection(SolutionProperties) = preSolution
		HideSolutionNode = FALSE
	EndGlobalSection
	GlobalSection(ExtensibilityGlobals) = postSolution
		SolutionGuid = {F2228103-8075-4F3F-A826-D794E7EB6FCD}
	EndGlobalSection
EndGlobal
